// !$*UTF8*$!
{
	archiveVersion = 1;
	classes = {
	};
	objectVersion = 46;
	objects = {

/* Begin PBXBuildFile section */
		D620DEBD1E67FCEC00BE8DB9 /* WebViewController.swift in Sources */ = {isa = PBXBuildFile; fileRef = D620DEBC1E67FCEC00BE8DB9 /* WebViewController.swift */; };
		D620DEC11E6819B600BE8DB9 /* CIImage+UIImage.swift in Sources */ = {isa = PBXBuildFile; fileRef = D620DEC01E6819B600BE8DB9 /* CIImage+UIImage.swift */; };
		D648BEC31E67C55C00CBCB86 /* AppDelegate.swift in Sources */ = {isa = PBXBuildFile; fileRef = D648BEC21E67C55C00CBCB86 /* AppDelegate.swift */; };
		D648BEC51E67C55C00CBCB86 /* ViewController.swift in Sources */ = {isa = PBXBuildFile; fileRef = D648BEC41E67C55C00CBCB86 /* ViewController.swift */; };
		D648BEC81E67C55C00CBCB86 /* Main.storyboard in Resources */ = {isa = PBXBuildFile; fileRef = D648BEC61E67C55C00CBCB86 /* Main.storyboard */; };
		D648BECA1E67C55D00CBCB86 /* Assets.xcassets in Resources */ = {isa = PBXBuildFile; fileRef = D648BEC91E67C55D00CBCB86 /* Assets.xcassets */; };
		D648BECD1E67C55D00CBCB86 /* LaunchScreen.storyboard in Resources */ = {isa = PBXBuildFile; fileRef = D648BECB1E67C55D00CBCB86 /* LaunchScreen.storyboard */; };
		D648BED51E67CA3800CBCB86 /* QRCodeViewController.swift in Sources */ = {isa = PBXBuildFile; fileRef = D648BED41E67CA3700CBCB86 /* QRCodeViewController.swift */; };
		D648BED71E67CA7300CBCB86 /* QRBackgroundView.swift in Sources */ = {isa = PBXBuildFile; fileRef = D648BED61E67CA7300CBCB86 /* QRBackgroundView.swift */; };
		D648BED91E67CD4F00CBCB86 /* QRCodeScanLine@2x.png in Resources */ = {isa = PBXBuildFile; fileRef = D648BED81E67CD4F00CBCB86 /* QRCodeScanLine@2x.png */; };
/* End PBXBuildFile section */

/* Begin PBXFileReference section */
		D620DEBC1E67FCEC00BE8DB9 /* WebViewController.swift */ = {isa = PBXFileReference; fileEncoding = 4; lastKnownFileType = sourcecode.swift; path = WebViewController.swift; sourceTree = "<group>"; };
		D620DEC01E6819B600BE8DB9 /* CIImage+UIImage.swift */ = {isa = PBXFileReference; fileEncoding = 4; lastKnownFileType = sourcecode.swift; path = "CIImage+UIImage.swift"; sourceTree = "<group>"; };
		D648BEBF1E67C55C00CBCB86 /* QrCode.app */ = {isa = PBXFileReference; explicitFileType = wrapper.application; includeInIndex = 0; path = QrCode.app; sourceTree = BUILT_PRODUCTS_DIR; };
		D648BEC21E67C55C00CBCB86 /* AppDelegate.swift */ = {isa = PBXFileReference; lastKnownFileType = sourcecode.swift; path = AppDelegate.swift; sourceTree = "<group>"; };
		D648BEC41E67C55C00CBCB86 /* ViewController.swift */ = {isa = PBXFileReference; lastKnownFileType = sourcecode.swift; path = ViewController.swift; sourceTree = "<group>"; };
		D648BEC71E67C55C00CBCB86 /* Base */ = {isa = PBXFileReference; lastKnownFileType = file.storyboard; name = Base; path = Base.lproj/Main.storyboard; sourceTree = "<group>"; };
		D648BEC91E67C55D00CBCB86 /* Assets.xcassets */ = {isa = PBXFileReference; lastKnownFileType = folder.assetcatalog; path = Assets.xcassets; sourceTree = "<group>"; };
		D648BECC1E67C55D00CBCB86 /* Base */ = {isa = PBXFileReference; lastKnownFileType = file.storyboard; name = Base; path = Base.lproj/LaunchScreen.storyboard; sourceTree = "<group>"; };
		D648BECE1E67C55D00CBCB86 /* Info.plist */ = {isa = PBXFileReference; lastKnownFileType = text.plist.xml; path = Info.plist; sourceTree = "<group>"; };
		D648BED41E67CA3700CBCB86 /* QRCodeViewController.swift */ = {isa = PBXFileReference; fileEncoding = 4; lastKnownFileType = sourcecode.swift; path = QRCodeViewController.swift; sourceTree = "<group>"; };
		D648BED61E67CA7300CBCB86 /* QRBackgroundView.swift */ = {isa = PBXFileReference; fileEncoding = 4; lastKnownFileType = sourcecode.swift; path = QRBackgroundView.swift; sourceTree = "<group>"; };
		D648BED81E67CD4F00CBCB86 /* QRCodeScanLine@2x.png */ = {isa = PBXFileReference; lastKnownFileType = image.png; path = "QRCodeScanLine@2x.png"; sourceTree = "<group>"; };
/* End PBXFileReference section */

/* Begin PBXFrameworksBuildPhase section */
		D648BEBC1E67C55C00CBCB86 /* Frameworks */ = {
			isa = PBXFrameworksBuildPhase;
			buildActionMask = 2147483647;
			files = (
			);
			runOnlyForDeploymentPostprocessing = 0;
		};
/* End PBXFrameworksBuildPhase section */

/* Begin PBXGroup section */
		D648BEB61E67C55B00CBCB86 = {
			isa = PBXGroup;
			children = (
				D648BEC11E67C55C00CBCB86 /* QrCode */,
				D648BEC01E67C55C00CBCB86 /* Products */,
			);
			sourceTree = "<group>";
		};
		D648BEC01E67C55C00CBCB86 /* Products */ = {
			isa = PBXGroup;
			children = (
				D648BEBF1E67C55C00CBCB86 /* QrCode.app */,
			);
			name = Products;
			sourceTree = "<group>";
		};
		D648BEC11E67C55C00CBCB86 /* QrCode */ = {
			isa = PBXGroup;
			children = (
				D648BED81E67CD4F00CBCB86 /* QRCodeScanLine@2x.png */,
				D648BEC21E67C55C00CBCB86 /* AppDelegate.swift */,
				D648BEC41E67C55C00CBCB86 /* ViewController.swift */,
				D620DEC01E6819B600BE8DB9 /* CIImage+UIImage.swift */,
				D648BED41E67CA3700CBCB86 /* QRCodeViewController.swift */,
				D648BED61E67CA7300CBCB86 /* QRBackgroundView.swift */,
				D620DEBC1E67FCEC00BE8DB9 /* WebViewController.swift */,
				D648BEC61E67C55C00CBCB86 /* Main.storyboard */,
				D648BEC91E67C55D00CBCB86 /* Assets.xcassets */,
				D648BECB1E67C55D00CBCB86 /* LaunchScreen.storyboard */,
				D648BECE1E67C55D00CBCB86 /* Info.plist */,
			);
			path = QrCode;
			sourceTree = "<group>";
		};
/* End PBXGroup section */

/* Begin PBXNativeTarget section */
		D648BEBE1E67C55C00CBCB86 /* QrCode */ = {
			isa = PBXNativeTarget;
			buildConfigurationList = D648BED11E67C55D00CBCB86 /* Build configuration list for PBXNativeTarget "QrCode" */;
			buildPhases = (
				D648BEBB1E67C55C00CBCB86 /* Sources */,
				D648BEBC1E67C55C00CBCB86 /* Frameworks */,
				D648BEBD1E67C55C00CBCB86 /* Resources */,
			);
			buildRules = (
			);
			dependencies = (
			);
			name = QrCode;
			productName = QrCode;
			productReference = D648BEBF1E67C55C00CBCB86 /* QrCode.app */;
			productType = "com.apple.product-type.application";
		};
/* End PBXNativeTarget section */

/* Begin PBXProject section */
		D648BEB71E67C55B00CBCB86 /* Project object */ = {
			isa = PBXProject;
			attributes = {
				LastSwiftUpdateCheck = 0820;
				LastUpgradeCheck = 0820;
				ORGANIZATIONNAME = sqluo;
				TargetAttributes = {
					D648BEBE1E67C55C00CBCB86 = {
						CreatedOnToolsVersion = 8.2.1;
						DevelopmentTeam = NP7D9SC777;
						ProvisioningStyle = Automatic;
					};
				};
			};
			buildConfigurationList = D648BEBA1E67C55B00CBCB86 /* Build configuration list for PBXProject "QrCode" */;
			compatibilityVersion = "Xcode 3.2";
			developmentRegion = English;
			hasScannedForEncodings = 0;
			knownRegions = (
				en,
				Base,
			);
			mainGroup = D648BEB61E67C55B00CBCB86;
			productRefGroup = D648BEC01E67C55C00CBCB86 /* Products */;
			projectDirPath = "";
			projectRoot = "";
			targets = (
				D648BEBE1E67C55C00CBCB86 /* QrCode */,
			);
		};
/* End PBXProject section */

/* Begin PBXResourcesBuildPhase section */
		D648BEBD1E67C55C00CBCB86 /* Resources */ = {
			isa = PBXResourcesBuildPhase;
			buildActionMask = 2147483647;
			files = (
				D648BECD1E67C55D00CBCB86 /* LaunchScreen.storyboard in Resources */,
				D648BED91E67CD4F00CBCB86 /* QRCodeScanLine@2x.png in Resources */,
				D648BECA1E67C55D00CBCB86 /* Assets.xcassets in Resources */,
				D648BEC81E67C55C00CBCB86 /* Main.storyboard in Resources */,
			);
			runOnlyForDeploymentPostprocessing = 0;
		};
/* End PBXResourcesBuildPhase section */

/* Begin PBXSourcesBuildPhase section */
		D648BEBB1E67C55C00CBCB86 /* Sources */ = {
			isa = PBXSourcesBuildPhase;
			buildActionMask = 2147483647;
			files = (
				D648BED51E67CA3800CBCB86 /* QRCodeViewController.swift in Sources */,
				D620DEC11E6819B600BE8DB9 /* CIImage+UIImage.swift in Sources */,
				D648BEC51E67C55C00CBCB86 /* ViewController.swift in Sources */,
				D648BEC31E67C55C00CBCB86 /* AppDelegate.swift in Sources */,
				D620DEBD1E67FCEC00BE8DB9 /* WebViewController.swift in Sources */,
				D648BED71E67CA7300CBCB86 /* QRBackgroundView.swift in Sources */,
			);
			runOnlyForDeploymentPostprocessing = 0;
		};
/* End PBXSourcesBuildPhase section */

/* Begin PBXVariantGroup section */
		D648BEC61E67C55C00CBCB86 /* Main.storyboard */ = {
			isa = PBXVariantGroup;
			children = (
				D648BEC71E67C55C00CBCB86 /* Base */,
			);
			name = Main.storyboard;
			sourceTree = "<group>";
		};
		D648BECB1E67C55D00CBCB86 /* LaunchScreen.storyboard */ = {
			isa = PBXVariantGroup;
			children = (
				D648BECC1E67C55D00CBCB86 /* Base */,
			);
			name = LaunchScreen.storyboard;
			sourceTree = "<group>";
		};
/* End PBXVariantGroup section */

/* Begin XCBuildConfiguration section */
		D648BECF1E67C55D00CBCB86 /* Debug */ = {
			isa = XCBuildConfiguration;
			buildSettings = {
				ALWAYS_SEARCH_USER_PATHS = NO;
				CLANG_ANALYZER_NONNULL = YES;
				CLANG_CXX_LANGUAGE_STANDARD = "gnu++0x";
				CLANG_CXX_LIBRARY = "libc++";
				CLANG_ENABLE_MODULES = YES;
				CLANG_ENABLE_OBJC_ARC = YES;
				CLANG_WARN_BOOL_CONVERSION = YES;
				CLANG_WARN_CONSTANT_CONVERSION = YES;
				CLANG_WARN_DIRECT_OBJC_ISA_USAGE = YES_ERROR;
				CLANG_WARN_DOCUMENTATION_COMMENTS = YES;
				CLANG_WARN_EMPTY_BODY = YES;
				CLANG_WARN_ENUM_CONVERSION = YES;
				CLANG_WARN_INFINITE_RECURSION = YES;
				CLANG_WARN_INT_CONVERSION = YES;
				CLANG_WARN_OBJC_ROOT_CLASS = YES_ERROR;
				CLANG_WARN_SUSPICIOUS_MOVE = YES;
				CLANG_WARN_UNREACHABLE_CODE = YES;
				CLANG_WARN__DUPLICATE_METHOD_MATCH = YES;
				"CODE_SIGN_IDENTITY[sdk=iphoneos*]" = "iPhone Developer";
				COPY_PHASE_STRIP = NO;
				DEBUG_INFORMATION_FORMAT = dwarf;
				ENABLE_STRICT_OBJC_MSGSEND = YES;
				ENABLE_TESTABILITY = YES;
				GCC_C_LANGUAGE_STANDARD = gnu99;
				GCC_DYNAMIC_NO_PIC = NO;
				GCC_NO_COMMON_BLOCKS = YES;
				GCC_OPTIMIZATION_LEVEL = 0;
				GCC_PREPROCESSOR_DEFINITIONS = (
					"DEBUG=1",
					"$(inherited)",
				);
				GCC_WARN_64_TO_32_BIT_CONVERSION = YES;
				GCC_WARN_ABOUT_RETURN_TYPE = YES_ERROR;
				GCC_WARN_UNDECLARED_SELECTOR = YES;
				GCC_WARN_UNINITIALIZED_AUTOS = YES_AGGRESSIVE;
				GCC_WARN_UNUSED_FUNCTION = YES;
				GCC_WARN_UNUSED_VARIABLE = YES;
				IPHONEOS_DEPLOYMENT_TARGET = 10.2;
				MTL_ENABLE_DEBUG_INFO = YES;
				ONLY_ACTIVE_ARCH = YES;
				SDKROOT = iphoneos;
				SWIFT_ACTIVE_COMPILATION_CONDITIONS = DEBUG;
				SWIFT_OPTIMIZATION_LEVEL = "-Onone";
			};
			name = Debug;
		};
		D648BED01E67C55D00CBCB86 /* Release */ = {
			isa = XCBuildConfiguration;
			buildSettings = {
				ALWAYS_SEARCH_USER_PATHS = NO;
				CLANG_ANALYZER_NONNULL = YES;
				CLANG_CXX_LANGUAGE_STANDARD = "gnu++0x";
				CLANG_CXX_LIBRARY = "libc++";
				CLANG_ENABLE_MODULES = YES;
				CLANG_ENABLE_OBJC_ARC = YES;
				CLANG_WARN_BOOL_CONVERSION = YES;
				CLANG_WARN_CONSTANT_CONVERSION = YES;
				CLANG_WARN_DIRECT_OBJC_ISA_USAGE = YES_ERROR;
				CLANG_WARN_DOCUMENTATION_COMMENTS = YES;
				CLANG_WARN_EMPTY_BODY = YES;
				CLANG_WARN_ENUM_CONVERSION = YES;
				CLANG_WARN_INFINITE_RECURSION = YES;
				CLANG_WARN_INT_CONVERSION = YES;
				CLANG_WARN_OBJC_ROOT_CLASS = YES_ERROR;
				CLANG_WARN_SUSPICIOUS_MOVE = YES;
				CLANG_WARN_UNREACHABLE_CODE = YES;
				CLANG_WARN__DUPLICATE_METHOD_MATCH = YES;
				"CODE_SIGN_IDENTITY[sdk=iphoneos*]" = "iPhone Developer";
				COPY_PHASE_STRIP = NO;
				DEBUG_INFORMATION_FORMAT = "dwarf-with-dsym";
				ENABLE_NS_ASSERTIONS = NO;
				ENABLE_STRICT_OBJC_MSGSEND = YES;
				GCC_C_LANGUAGE_STANDARD = gnu99;
				GCC_NO_COMMON_BLOCKS = YES;
				GCC_WARN_64_TO_32_BIT_CONVERSION = YES;
				GCC_WARN_ABOUT_RETURN_TYPE = YES_ERROR;
				GCC_WARN_UNDECLARED_SELECTOR = YES;
				GCC_WARN_UNINITIALIZED_AUTOS = YES_AGGRESSIVE;
				GCC_WARN_UNUSED_FUNCTION = YES;
				GCC_WARN_UNUSED_VARIABLE = YES;
				IPHONEOS_DEPLOYMENT_TARGET = 10.2;
				MTL_ENABLE_DEBUG_INFO = NO;
				SDKROOT = iphoneos;
				SWIFT_OPTIMIZATION_LEVEL = "-Owholemodule";
				VALIDATE_PRODUCT = YES;
			};
			name = Release;
		};
		D648BED21E67C55D00CBCB86 /* Debug */ = {
			isa = XCBuildConfiguration;
			buildSettings = {
				ASSETCATALOG_COMPILER_APPICON_NAME = AppIcon;
				DEVELOPMENT_TEAM = NP7D9SC777;
				INFOPLIST_FILE = QrCode/Info.plist;
				IPHONEOS_DEPLOYMENT_TARGET = 8.0;
				LD_RUNPATH_SEARCH_PATHS = "$(inherited) @executable_path/Frameworks";
				PRODUCT_BUNDLE_IDENTIFIER = com.sql.QrCode;
				PRODUCT_NAME = "$(TARGET_NAME)";
				SWIFT_VERSION = 3.0;
			};
			name = Debug;
		};
		D648BED31E67C55D00CBCB86 /* Release */ = {
			isa = XCBuildConfiguration;
			buildSettings = {
				ASSETCATALOG_COMPILER_APPICON_NAME = AppIcon;
				DEVELOPMENT_TEAM = NP7D9SC777;
				INFOPLIST_FILE = QrCode/Info.plist;
				IPHONEOS_DEPLOYMENT_TARGET = 8.0;
				LD_RUNPATH_SEARCH_PATHS = "$(inherited) @executable_path/Frameworks";
				PRODUCT_BUNDLE_IDENTIFIER = com.sql.QrCode;
				PRODUCT_NAME = "$(TARGET_NAME)";
				SWIFT_VERSION = 3.0;
			};
			name = Release;
		};
/* End XCBuildConfiguration section */

/* Begin XCConfigurationList section */
		D648BEBA1E67C55B00CBCB86 /* Build configuration list for PBXProject "QrCode" */ = {
			isa = XCConfigurationList;
			buildConfigurations = (
				D648BECF1E67C55D00CBCB86 /* Debug */,
				D648BED01E67C55D00CBCB86 /* Release */,
			);
			defaultConfigurationIsVisible = 0;
			defaultConfigurationName = Release;
		};
		D648BED11E67C55D00CBCB86 /* Build configuration list for PBXNativeTarget "QrCode" */ = {
			isa = XCConfigurationList;
			buildConfigurations = (
				D648BED21E67C55D00CBCB86 /* Debug */,
				D648BED31E67C55D00CBCB86 /* Release */,
			);
			defaultConfigurationIsVisible = 0;
			defaultConfigurationName = Release;
		};
/* End XCConfigurationList section */
	};
	rootObject = D648BEB71E67C55B00CBCB86 /* Project object */;
}
